<?xml version="1.0" encoding="UTF-8" standalone="yes" ?>
<CodeBlocks_project_file>
	<FileVersion major="1" minor="6" />
	<Project>
		<Option title="test" />
		<Option pch_mode="2" />
		<Option compiler="gcc" />
		<Build>
			<Target title="Debug">
				<Option output="bin/Debug/test" prefix_auto="1" extension_auto="1" />
				<Option object_output="obj/Debug/" />
				<Option type="1" />
				<Option compiler="gcc" />
				<Compiler>
					<Add option="-g" />
				</Compiler>
				<Linker>
					<Add library="../../ediacaran/code_blocks/bin/Debug/libediacaran.a" />
				</Linker>
			</Target>
			<Target title="Release">
				<Option output="bin/Release/test" prefix_auto="1" extension_auto="1" />
				<Option object_output="obj/Release/" />
				<Option type="1" />
				<Option compiler="gcc" />
				<Compiler>
					<Add option="-O2" />
				</Compiler>
				<Linker>
					<Add option="-s" />
					<Add library="../../ediacaran/code_blocks/bin/Release/libediacaran.a" />
				</Linker>
			</Target>
		</Build>
		<Compiler>
			<Add option="-Wall" />
			<Add option="-fexceptions -std=c++17 -Wno-invalid-offsetof" />
			<Add directory="../../../encelado" />
		</Compiler>
		<Unit filename="../cambrian.cpp" />
		<Unit filename="../common.h" />
		<Unit filename="../ediacaran/class_tests.cpp" />
		<Unit filename="../ediacaran/qualified_type_ptr_tests.cpp" />
		<Unit filename="../ediacaran/remove_noexcept_tests.cpp" />
		<Unit filename="../ediacaran/string_tests.cpp" />
		<Unit filename="../ediacaran/type_list_tests.cpp" />
		<Unit filename="../ediacaran/type_tests.cpp" />
		<Unit filename="../main.cpp" />
		<Extensions>
			<code_completion />
			<debugger />
		</Extensions>
	</Project>
</CodeBlocks_project_file>
