<?xml version="1.0" encoding="utf-8"?>
<Project ToolsVersion="4.0" xmlns="http://schemas.microsoft.com/developer/msbuild/2003">
  <ItemGroup>
    <ClCompile Include="..\cambrian.cpp" />
    <ClCompile Include="..\main.cpp" />
    <ClCompile Include="..\ediacaran\string_tests.cpp">
      <Filter>ediacaran</Filter>
    </ClCompile>
    <ClCompile Include="..\ediacaran\qualified_type_ptr_tests.cpp">
      <Filter>ediacaran</Filter>
    </ClCompile>
    <ClCompile Include="..\ediacaran\type_tests.cpp">
      <Filter>ediacaran</Filter>
    </ClCompile>
    <ClCompile Include="..\ediacaran\class_tests.cpp">
      <Filter>ediacaran</Filter>
    </ClCompile>
    <ClCompile Include="..\ediacaran\type_list_tests.cpp">
      <Filter>ediacaran</Filter>
    </ClCompile>
    <ClCompile Include="..\ediacaran\remove_noexcept_tests.cpp">
      <Filter>ediacaran</Filter>
    </ClCompile>
    <ClCompile Include="..\ediacaran\class_templates_tests.cpp">
      <Filter>ediacaran</Filter>
    </ClCompile>
    <ClCompile Include="..\ediacaran\animalia.cpp">
      <Filter>ediacaran</Filter>
    </ClCompile>
    <ClCompile Include="..\ediacaran\container_tests.cpp">
      <Filter>ediacaran</Filter>
    </ClCompile>
    <ClCompile Include="..\cambrian\common_tests.cpp">
      <Filter>cambrian</Filter>
    </ClCompile>
    <ClCompile Include="..\cambrian\serialization\test_types.cpp">
      <Filter>cambrian\serialization</Filter>
    </ClCompile>
    <ClCompile Include="..\cambrian\serialization\tests.cpp">
      <Filter>cambrian\serialization</Filter>
    </ClCompile>
  </ItemGroup>
  <ItemGroup>
    <Filter Include="ediacaran">
      <UniqueIdentifier>{70dd5627-960a-499e-abf3-edaa899b33fd}</UniqueIdentifier>
    </Filter>
    <Filter Include="cambrian">
      <UniqueIdentifier>{50ec1c9e-5aec-4b04-bf3b-21fa0cb16f79}</UniqueIdentifier>
    </Filter>
    <Filter Include="cambrian\serialization">
      <UniqueIdentifier>{c9ee871c-8690-4a5b-95a4-2dd7c896c824}</UniqueIdentifier>
    </Filter>
  </ItemGroup>
  <ItemGroup>
    <ClInclude Include="..\common.h" />
    <ClInclude Include="..\cambrian\serialization\test_types.h">
      <Filter>cambrian\serialization</Filter>
    </ClInclude>
  </ItemGroup>
</Project>