<?xml version="1.0" encoding="utf-8"?>
<Project ToolsVersion="4.0" xmlns="http://schemas.microsoft.com/developer/msbuild/2003">
  <ItemGroup>
    <ClInclude Include="..\core\char_writer.h">
      <Filter>core</Filter>
    </ClInclude>
    <ClInclude Include="..\core\char_reader.h">
      <Filter>core</Filter>
    </ClInclude>
    <ClInclude Include="..\core\ediacaran_common.h">
      <Filter>core</Filter>
    </ClInclude>
    <ClInclude Include="..\reflection\qualified_type_ptr.h">
      <Filter>reflection</Filter>
    </ClInclude>
    <ClInclude Include="..\reflection\special_functions.h">
      <Filter>reflection</Filter>
    </ClInclude>
    <ClInclude Include="..\reflection\type.h">
      <Filter>reflection</Filter>
    </ClInclude>
    <ClInclude Include="..\reflection\namespace.h">
      <Filter>reflection</Filter>
    </ClInclude>
    <ClInclude Include="..\core\constexpr_string.h">
      <Filter>core</Filter>
    </ClInclude>
    <ClInclude Include="..\core\string_builder.h">
      <Filter>core</Filter>
    </ClInclude>
    <ClInclude Include="..\reflection\class_type.h">
      <Filter>reflection</Filter>
    </ClInclude>
    <ClInclude Include="..\reflection\property.h">
      <Filter>reflection</Filter>
    </ClInclude>
    <ClInclude Include="..\core\type_list.h">
      <Filter>core</Filter>
    </ClInclude>
    <ClInclude Include="..\core\array_view.h">
      <Filter>core</Filter>
    </ClInclude>
    <ClInclude Include="..\core\address.h">
      <Filter>core</Filter>
    </ClInclude>
    <ClInclude Include="..\utils\dyn_value.h">
      <Filter>utils</Filter>
    </ClInclude>
    <ClInclude Include="..\utils\raw_ptr.h">
      <Filter>utils</Filter>
    </ClInclude>
    <ClInclude Include="..\utils\inspect.h">
      <Filter>utils</Filter>
    </ClInclude>
    <ClInclude Include="..\reflection\parameter.h">
      <Filter>reflection</Filter>
    </ClInclude>
    <ClInclude Include="..\reflection\class_template_specialization.h">
      <Filter>reflection</Filter>
    </ClInclude>
    <ClInclude Include="..\reflection\reflection.h">
      <Filter>reflection</Filter>
    </ClInclude>
    <ClInclude Include="..\core\remove_noexcept.h">
      <Filter>core</Filter>
    </ClInclude>
    <ClInclude Include="..\core\comma_separated_names.h">
      <Filter>core</Filter>
    </ClInclude>
    <ClInclude Include="..\core\array.h">
      <Filter>core</Filter>
    </ClInclude>
    <ClInclude Include="..\reflection\enum_type.h">
      <Filter>reflection</Filter>
    </ClInclude>
    <ClInclude Include="..\reflection\detail\class_reflection.h">
      <Filter>reflection\detail</Filter>
    </ClInclude>
    <ClInclude Include="..\reflection\detail\enum_reflection.h">
      <Filter>reflection\detail</Filter>
    </ClInclude>
    <ClInclude Include="..\reflection\function.h">
      <Filter>reflection</Filter>
    </ClInclude>
    <ClInclude Include="..\std_refl\vector.h">
      <Filter>std_refl</Filter>
    </ClInclude>
    <ClInclude Include="..\std_refl\string.h">
      <Filter>std_refl</Filter>
    </ClInclude>
    <ClInclude Include="..\std_refl\allocator.h">
      <Filter>std_refl</Filter>
    </ClInclude>
    <ClInclude Include="..\reflection\cv_qualification.h">
      <Filter>reflection</Filter>
    </ClInclude>
    <ClInclude Include="..\reflection\detail\function_accessor.h">
      <Filter>reflection\detail</Filter>
    </ClInclude>
    <ClInclude Include="..\reflection\container.h">
      <Filter>reflection</Filter>
    </ClInclude>
    <ClInclude Include="..\reflection\detail\container_reflection.h">
      <Filter>reflection\detail</Filter>
    </ClInclude>
    <ClInclude Include="..\utils\universal_iterator.h">
      <Filter>utils</Filter>
    </ClInclude>
    <ClInclude Include="..\core\expected.h">
      <Filter>core</Filter>
    </ClInclude>
    <ClInclude Include="..\core\string_utils.h">
      <Filter>core</Filter>
    </ClInclude>
    <ClInclude Include="..\core\byte_writer.h">
      <Filter>core</Filter>
    </ClInclude>
    <ClInclude Include="..\core\byte_reader.h">
      <Filter>core</Filter>
    </ClInclude>
    <ClInclude Include="..\std_refl\list.h">
      <Filter>std_refl</Filter>
    </ClInclude>
  </ItemGroup>
  <ItemGroup>
    <ClCompile Include="..\core\char_writer.cpp">
      <Filter>core</Filter>
    </ClCompile>
    <ClCompile Include="..\core\char_reader.cpp">
      <Filter>core</Filter>
    </ClCompile>
    <ClCompile Include="..\reflection\qualified_type_ptr.cpp">
      <Filter>reflection</Filter>
    </ClCompile>
    <ClCompile Include="..\reflection\namespace.cpp">
      <Filter>reflection</Filter>
    </ClCompile>
    <ClCompile Include="..\utils\dyn_value.cpp">
      <Filter>utils</Filter>
    </ClCompile>
    <ClCompile Include="..\utils\inspect.cpp">
      <Filter>utils</Filter>
    </ClCompile>
    <ClCompile Include="..\utils\raw_ptr.cpp">
      <Filter>utils</Filter>
    </ClCompile>
    <ClCompile Include="..\core\string_builder.cpp">
      <Filter>core</Filter>
    </ClCompile>
    <ClCompile Include="..\utils\universal_iterator.cpp">
      <Filter>utils</Filter>
    </ClCompile>
    <ClCompile Include="..\core\byte_writer.cpp">
      <Filter>core</Filter>
    </ClCompile>
    <ClCompile Include="..\core\byte_reader.cpp">
      <Filter>core</Filter>
    </ClCompile>
  </ItemGroup>
  <ItemGroup>
    <Filter Include="core">
      <UniqueIdentifier>{644484fe-ea43-4d1e-8c98-2bf7333dc86a}</UniqueIdentifier>
    </Filter>
    <Filter Include="reflection">
      <UniqueIdentifier>{09481940-c503-4049-b40f-353650f9d371}</UniqueIdentifier>
    </Filter>
    <Filter Include="utils">
      <UniqueIdentifier>{5ff1a4fc-7456-4786-878c-2d968c6295b9}</UniqueIdentifier>
    </Filter>
    <Filter Include="reflection\detail">
      <UniqueIdentifier>{9ccc4b7f-438b-48e7-a8a2-90442685cdc5}</UniqueIdentifier>
    </Filter>
    <Filter Include="std_refl">
      <UniqueIdentifier>{c5bee08b-d754-4833-b872-69e49703b52f}</UniqueIdentifier>
    </Filter>
  </ItemGroup>
  <ItemGroup>
    <None Include="..\reflection\qualified_type_ptr.inl">
      <Filter>reflection</Filter>
    </None>
  </ItemGroup>
</Project>